
Microsoft Visual Studio Solution File, Format Version 12.00
# Visual Studio Version 17
VisualStudioVersion = 17.11.35222.181
MinimumVisualStudioVersion = 10.0.40219.1
Project("{FAE04EC0-301F-11D3-BF4B-00C04F79EFBC}") = "ConsoleApp7 Práctica2", "ConsoleApp7 Práctica2\ConsoleApp7 Práctica2.csproj", "{23BFC6DE-8D96-4CB8-97D8-66DC629C7A65}"
EndProject
Global
	GlobalSection(SolutionConfigurationPlatforms) = preSolution
		Debug|Any CPU = Debug|Any CPU
		Release|Any CPU = Release|Any CPU
	EndGlobalSection
	GlobalSection(ProjectConfigurationPlatforms) = postSolution
		{23BFC6DE-8D96-4CB8-97D8-66DC629C7A65}.Debug|Any CPU.ActiveCfg = Debug|Any CPU
		{23BFC6DE-8D96-4CB8-97D8-66DC629C7A65}.Debug|Any CPU.Build.0 = Debug|Any CPU
		{23BFC6DE-8D96-4CB8-97D8-66DC629C7A65}.Release|Any CPU.ActiveCfg = Release|Any CPU
		{23BFC6DE-8D96-4CB8-97D8-66DC629C7A65}.Release|Any CPU.Build.0 = Release|Any CPU
	EndGlobalSection
	GlobalSection(SolutionProperties) = preSolution
		HideSolutionNode = FALSE
	EndGlobalSection
	GlobalSection(ExtensibilityGlobals) = postSolution
		SolutionGuid = {7F677785-59C6-4DB0-A684-C2349E43D316}
	EndGlobalSection
EndGlobal
