
Microsoft Visual Studio Solution File, Format Version 12.00
# Visual Studio Version 17
VisualStudioVersion = 17.6.33723.286
MinimumVisualStudioVersion = 10.0.40219.1
Project("{FAE04EC0-301F-11D3-BF4B-00C04F79EFBC}") = "ConsoleApp8", "ConsoleApp8\ConsoleApp8.csproj", "{BB03423B-4148-44C9-807F-07B21E3E15C2}"
EndProject
Global
	GlobalSection(SolutionConfigurationPlatforms) = preSolution
		Debug|Any CPU = Debug|Any CPU
		Release|Any CPU = Release|Any CPU
	EndGlobalSection
	GlobalSection(ProjectConfigurationPlatforms) = postSolution
		{BB03423B-4148-44C9-807F-07B21E3E15C2}.Debug|Any CPU.ActiveCfg = Debug|Any CPU
		{BB03423B-4148-44C9-807F-07B21E3E15C2}.Debug|Any CPU.Build.0 = Debug|Any CPU
		{BB03423B-4148-44C9-807F-07B21E3E15C2}.Release|Any CPU.ActiveCfg = Release|Any CPU
		{BB03423B-4148-44C9-807F-07B21E3E15C2}.Release|Any CPU.Build.0 = Release|Any CPU
	EndGlobalSection
	GlobalSection(SolutionProperties) = preSolution
		HideSolutionNode = FALSE
	EndGlobalSection
	GlobalSection(ExtensibilityGlobals) = postSolution
		SolutionGuid = {E3D98044-F3E4-408A-9A09-FBE4DBBD02B1}
	EndGlobalSection
EndGlobal
