
Microsoft Visual Studio Solution File, Format Version 12.00
# Visual Studio Version 17
VisualStudioVersion = 17.11.35222.181
MinimumVisualStudioVersion = 10.0.40219.1
Project("{FAE04EC0-301F-11D3-BF4B-00C04F79EFBC}") = "ConsoleApp3   Práctica 2", "ConsoleApp3   Práctica 2\ConsoleApp3   Práctica 2.csproj", "{1512C17A-7433-4EB7-947F-A55C3484116E}"
EndProject
Global
	GlobalSection(SolutionConfigurationPlatforms) = preSolution
		Debug|Any CPU = Debug|Any CPU
		Release|Any CPU = Release|Any CPU
	EndGlobalSection
	GlobalSection(ProjectConfigurationPlatforms) = postSolution
		{1512C17A-7433-4EB7-947F-A55C3484116E}.Debug|Any CPU.ActiveCfg = Debug|Any CPU
		{1512C17A-7433-4EB7-947F-A55C3484116E}.Debug|Any CPU.Build.0 = Debug|Any CPU
		{1512C17A-7433-4EB7-947F-A55C3484116E}.Release|Any CPU.ActiveCfg = Release|Any CPU
		{1512C17A-7433-4EB7-947F-A55C3484116E}.Release|Any CPU.Build.0 = Release|Any CPU
	EndGlobalSection
	GlobalSection(SolutionProperties) = preSolution
		HideSolutionNode = FALSE
	EndGlobalSection
	GlobalSection(ExtensibilityGlobals) = postSolution
		SolutionGuid = {48B1738A-A9DA-48AF-A485-3ED407BF05BD}
	EndGlobalSection
EndGlobal
